// !$*UTF8*$!
{
	archiveVersion = 1;
	classes = {
	};
	objectVersion = 56;
	objects = {

/* Begin PBXBuildFile section */
		F30AF68B2C730C4A00973D31 /* FruitsApp.swift in Sources */ = {isa = PBXBuildFile; fileRef = F30AF68A2C730C4A00973D31 /* FruitsApp.swift */; };
		F30AF68D2C730C4A00973D31 /* ContentView.swift in Sources */ = {isa = PBXBuildFile; fileRef = F30AF68C2C730C4A00973D31 /* ContentView.swift */; };
		F30AF68F2C730C4C00973D31 /* Assets.xcassets in Resources */ = {isa = PBXBuildFile; fileRef = F30AF68E2C730C4C00973D31 /* Assets.xcassets */; };
		F30AF6922C730C4C00973D31 /* Preview Assets.xcassets in Resources */ = {isa = PBXBuildFile; fileRef = F30AF6912C730C4C00973D31 /* Preview Assets.xcassets */; };
		F30AF69B2C73109200973D31 /* FruitCardView.swift in Sources */ = {isa = PBXBuildFile; fileRef = F30AF69A2C73109200973D31 /* FruitCardView.swift */; };
		F30AF69D2C7313F300973D31 /* StartButtonView.swift in Sources */ = {isa = PBXBuildFile; fileRef = F30AF69C2C7313F300973D31 /* StartButtonView.swift */; };
		F30AF69F2C7316BF00973D31 /* OnboardingView.swift in Sources */ = {isa = PBXBuildFile; fileRef = F30AF69E2C7316BF00973D31 /* OnboardingView.swift */; };
		F30AF6A32C7317AB00973D31 /* FruitModel.swift in Sources */ = {isa = PBXBuildFile; fileRef = F30AF6A22C7317AB00973D31 /* FruitModel.swift */; };
		F30AF6A52C7317DA00973D31 /* FruitData.swift in Sources */ = {isa = PBXBuildFile; fileRef = F30AF6A42C7317DA00973D31 /* FruitData.swift */; };
		F30AF6A72C73201F00973D31 /* FruitRowView.swift in Sources */ = {isa = PBXBuildFile; fileRef = F30AF6A62C73201F00973D31 /* FruitRowView.swift */; };
		F30AF6A92C73231A00973D31 /* FruitDetailView.swift in Sources */ = {isa = PBXBuildFile; fileRef = F30AF6A82C73231A00973D31 /* FruitDetailView.swift */; };
		F30AF6AB2C73256B00973D31 /* FruitHeaderView.swift in Sources */ = {isa = PBXBuildFile; fileRef = F30AF6AA2C73256B00973D31 /* FruitHeaderView.swift */; };
		F30AF6AD2C73273A00973D31 /* SourceLinkView.swift in Sources */ = {isa = PBXBuildFile; fileRef = F30AF6AC2C73273A00973D31 /* SourceLinkView.swift */; };
		F30AF6AF2C732E5D00973D31 /* FruitNutrientsView.swift in Sources */ = {isa = PBXBuildFile; fileRef = F30AF6AE2C732E5D00973D31 /* FruitNutrientsView.swift */; };
		F30AF6B12C7330ED00973D31 /* SettingsView.swift in Sources */ = {isa = PBXBuildFile; fileRef = F30AF6B02C7330ED00973D31 /* SettingsView.swift */; };
		F30AF6B32C73339B00973D31 /* SettingsLabelView.swift in Sources */ = {isa = PBXBuildFile; fileRef = F30AF6B22C73339B00973D31 /* SettingsLabelView.swift */; };
		F30AF6B52C7338AD00973D31 /* SettingsRowView.swift in Sources */ = {isa = PBXBuildFile; fileRef = F30AF6B42C7338AD00973D31 /* SettingsRowView.swift */; };
/* End PBXBuildFile section */

/* Begin PBXFileReference section */
		F30AF6872C730C4A00973D31 /* Fruits.app */ = {isa = PBXFileReference; explicitFileType = wrapper.application; includeInIndex = 0; path = Fruits.app; sourceTree = BUILT_PRODUCTS_DIR; };
		F30AF68A2C730C4A00973D31 /* FruitsApp.swift */ = {isa = PBXFileReference; lastKnownFileType = sourcecode.swift; path = FruitsApp.swift; sourceTree = "<group>"; };
		F30AF68C2C730C4A00973D31 /* ContentView.swift */ = {isa = PBXFileReference; lastKnownFileType = sourcecode.swift; path = ContentView.swift; sourceTree = "<group>"; };
		F30AF68E2C730C4C00973D31 /* Assets.xcassets */ = {isa = PBXFileReference; lastKnownFileType = folder.assetcatalog; path = Assets.xcassets; sourceTree = "<group>"; };
		F30AF6912C730C4C00973D31 /* Preview Assets.xcassets */ = {isa = PBXFileReference; lastKnownFileType = folder.assetcatalog; path = "Preview Assets.xcassets"; sourceTree = "<group>"; };
		F30AF69A2C73109200973D31 /* FruitCardView.swift */ = {isa = PBXFileReference; lastKnownFileType = sourcecode.swift; path = FruitCardView.swift; sourceTree = "<group>"; };
		F30AF69C2C7313F300973D31 /* StartButtonView.swift */ = {isa = PBXFileReference; lastKnownFileType = sourcecode.swift; path = StartButtonView.swift; sourceTree = "<group>"; };
		F30AF69E2C7316BF00973D31 /* OnboardingView.swift */ = {isa = PBXFileReference; lastKnownFileType = sourcecode.swift; path = OnboardingView.swift; sourceTree = "<group>"; };
		F30AF6A22C7317AB00973D31 /* FruitModel.swift */ = {isa = PBXFileReference; lastKnownFileType = sourcecode.swift; path = FruitModel.swift; sourceTree = "<group>"; };
		F30AF6A42C7317DA00973D31 /* FruitData.swift */ = {isa = PBXFileReference; lastKnownFileType = sourcecode.swift; path = FruitData.swift; sourceTree = "<group>"; };
		F30AF6A62C73201F00973D31 /* FruitRowView.swift */ = {isa = PBXFileReference; lastKnownFileType = sourcecode.swift; path = FruitRowView.swift; sourceTree = "<group>"; };
		F30AF6A82C73231A00973D31 /* FruitDetailView.swift */ = {isa = PBXFileReference; lastKnownFileType = sourcecode.swift; path = FruitDetailView.swift; sourceTree = "<group>"; };
		F30AF6AA2C73256B00973D31 /* FruitHeaderView.swift */ = {isa = PBXFileReference; lastKnownFileType = sourcecode.swift; path = FruitHeaderView.swift; sourceTree = "<group>"; };
		F30AF6AC2C73273A00973D31 /* SourceLinkView.swift */ = {isa = PBXFileReference; lastKnownFileType = sourcecode.swift; path = SourceLinkView.swift; sourceTree = "<group>"; };
		F30AF6AE2C732E5D00973D31 /* FruitNutrientsView.swift */ = {isa = PBXFileReference; lastKnownFileType = sourcecode.swift; path = FruitNutrientsView.swift; sourceTree = "<group>"; };
		F30AF6B02C7330ED00973D31 /* SettingsView.swift */ = {isa = PBXFileReference; lastKnownFileType = sourcecode.swift; path = SettingsView.swift; sourceTree = "<group>"; };
		F30AF6B22C73339B00973D31 /* SettingsLabelView.swift */ = {isa = PBXFileReference; lastKnownFileType = sourcecode.swift; path = SettingsLabelView.swift; sourceTree = "<group>"; };
		F30AF6B42C7338AD00973D31 /* SettingsRowView.swift */ = {isa = PBXFileReference; lastKnownFileType = sourcecode.swift; path = SettingsRowView.swift; sourceTree = "<group>"; };
/* End PBXFileReference section */

/* Begin PBXFrameworksBuildPhase section */
		F30AF6842C730C4A00973D31 /* Frameworks */ = {
			isa = PBXFrameworksBuildPhase;
			buildActionMask = 2147483647;
			files = (
			);
			runOnlyForDeploymentPostprocessing = 0;
		};
/* End PBXFrameworksBuildPhase section */

/* Begin PBXGroup section */
		F30AF67E2C730C4A00973D31 = {
			isa = PBXGroup;
			children = (
				F30AF6892C730C4A00973D31 /* Fruits */,
				F30AF6882C730C4A00973D31 /* Products */,
			);
			sourceTree = "<group>";
		};
		F30AF6882C730C4A00973D31 /* Products */ = {
			isa = PBXGroup;
			children = (
				F30AF6872C730C4A00973D31 /* Fruits.app */,
			);
			name = Products;
			sourceTree = "<group>";
		};
		F30AF6892C730C4A00973D31 /* Fruits */ = {
			isa = PBXGroup;
			children = (
				F30AF6A12C73179E00973D31 /* Model */,
				F30AF6A02C73179700973D31 /* Data */,
				F30AF68E2C730C4C00973D31 /* Assets.xcassets */,
				F30AF6982C73105900973D31 /* App */,
				F30AF6902C730C4C00973D31 /* Preview Content */,
				F30AF6992C73108400973D31 /* View */,
			);
			path = Fruits;
			sourceTree = "<group>";
		};
		F30AF6902C730C4C00973D31 /* Preview Content */ = {
			isa = PBXGroup;
			children = (
				F30AF6912C730C4C00973D31 /* Preview Assets.xcassets */,
			);
			path = "Preview Content";
			sourceTree = "<group>";
		};
		F30AF6982C73105900973D31 /* App */ = {
			isa = PBXGroup;
			children = (
				F30AF68A2C730C4A00973D31 /* FruitsApp.swift */,
				F30AF68C2C730C4A00973D31 /* ContentView.swift */,
				F30AF69E2C7316BF00973D31 /* OnboardingView.swift */,
				F30AF6A82C73231A00973D31 /* FruitDetailView.swift */,
				F30AF6AE2C732E5D00973D31 /* FruitNutrientsView.swift */,
				F30AF6B02C7330ED00973D31 /* SettingsView.swift */,
			);
			path = App;
			sourceTree = "<group>";
		};
		F30AF6992C73108400973D31 /* View */ = {
			isa = PBXGroup;
			children = (
				F30AF69A2C73109200973D31 /* FruitCardView.swift */,
				F30AF69C2C7313F300973D31 /* StartButtonView.swift */,
				F30AF6A62C73201F00973D31 /* FruitRowView.swift */,
				F30AF6AA2C73256B00973D31 /* FruitHeaderView.swift */,
				F30AF6AC2C73273A00973D31 /* SourceLinkView.swift */,
				F30AF6B22C73339B00973D31 /* SettingsLabelView.swift */,
				F30AF6B42C7338AD00973D31 /* SettingsRowView.swift */,
			);
			path = View;
			sourceTree = "<group>";
		};
		F30AF6A02C73179700973D31 /* Data */ = {
			isa = PBXGroup;
			children = (
				F30AF6A42C7317DA00973D31 /* FruitData.swift */,
			);
			path = Data;
			sourceTree = "<group>";
		};
		F30AF6A12C73179E00973D31 /* Model */ = {
			isa = PBXGroup;
			children = (
				F30AF6A22C7317AB00973D31 /* FruitModel.swift */,
			);
			path = Model;
			sourceTree = "<group>";
		};
/* End PBXGroup section */

/* Begin PBXNativeTarget section */
		F30AF6862C730C4A00973D31 /* Fruits */ = {
			isa = PBXNativeTarget;
			buildConfigurationList = F30AF6952C730C4C00973D31 /* Build configuration list for PBXNativeTarget "Fruits" */;
			buildPhases = (
				F30AF6832C730C4A00973D31 /* Sources */,
				F30AF6842C730C4A00973D31 /* Frameworks */,
				F30AF6852C730C4A00973D31 /* Resources */,
			);
			buildRules = (
			);
			dependencies = (
			);
			name = Fruits;
			productName = Fruits;
			productReference = F30AF6872C730C4A00973D31 /* Fruits.app */;
			productType = "com.apple.product-type.application";
		};
/* End PBXNativeTarget section */

/* Begin PBXProject section */
		F30AF67F2C730C4A00973D31 /* Project object */ = {
			isa = PBXProject;
			attributes = {
				BuildIndependentTargetsInParallel = 1;
				LastSwiftUpdateCheck = 1540;
				LastUpgradeCheck = 1540;
				TargetAttributes = {
					F30AF6862C730C4A00973D31 = {
						CreatedOnToolsVersion = 15.4;
					};
				};
			};
			buildConfigurationList = F30AF6822C730C4A00973D31 /* Build configuration list for PBXProject "Fruits" */;
			compatibilityVersion = "Xcode 14.0";
			developmentRegion = en;
			hasScannedForEncodings = 0;
			knownRegions = (
				en,
				Base,
			);
			mainGroup = F30AF67E2C730C4A00973D31;
			productRefGroup = F30AF6882C730C4A00973D31 /* Products */;
			projectDirPath = "";
			projectRoot = "";
			targets = (
				F30AF6862C730C4A00973D31 /* Fruits */,
			);
		};
/* End PBXProject section */

/* Begin PBXResourcesBuildPhase section */
		F30AF6852C730C4A00973D31 /* Resources */ = {
			isa = PBXResourcesBuildPhase;
			buildActionMask = 2147483647;
			files = (
				F30AF6922C730C4C00973D31 /* Preview Assets.xcassets in Resources */,
				F30AF68F2C730C4C00973D31 /* Assets.xcassets in Resources */,
			);
			runOnlyForDeploymentPostprocessing = 0;
		};
/* End PBXResourcesBuildPhase section */

/* Begin PBXSourcesBuildPhase section */
		F30AF6832C730C4A00973D31 /* Sources */ = {
			isa = PBXSourcesBuildPhase;
			buildActionMask = 2147483647;
			files = (
				F30AF6A52C7317DA00973D31 /* FruitData.swift in Sources */,
				F30AF6AD2C73273A00973D31 /* SourceLinkView.swift in Sources */,
				F30AF6B52C7338AD00973D31 /* SettingsRowView.swift in Sources */,
				F30AF69B2C73109200973D31 /* FruitCardView.swift in Sources */,
				F30AF6A72C73201F00973D31 /* FruitRowView.swift in Sources */,
				F30AF6AF2C732E5D00973D31 /* FruitNutrientsView.swift in Sources */,
				F30AF69D2C7313F300973D31 /* StartButtonView.swift in Sources */,
				F30AF6A92C73231A00973D31 /* FruitDetailView.swift in Sources */,
				F30AF68D2C730C4A00973D31 /* ContentView.swift in Sources */,
				F30AF6AB2C73256B00973D31 /* FruitHeaderView.swift in Sources */,
				F30AF69F2C7316BF00973D31 /* OnboardingView.swift in Sources */,
				F30AF6B32C73339B00973D31 /* SettingsLabelView.swift in Sources */,
				F30AF6A32C7317AB00973D31 /* FruitModel.swift in Sources */,
				F30AF68B2C730C4A00973D31 /* FruitsApp.swift in Sources */,
				F30AF6B12C7330ED00973D31 /* SettingsView.swift in Sources */,
			);
			runOnlyForDeploymentPostprocessing = 0;
		};
/* End PBXSourcesBuildPhase section */

/* Begin XCBuildConfiguration section */
		F30AF6932C730C4C00973D31 /* Debug */ = {
			isa = XCBuildConfiguration;
			buildSettings = {
				ALWAYS_SEARCH_USER_PATHS = NO;
				ASSETCATALOG_COMPILER_GENERATE_SWIFT_ASSET_SYMBOL_EXTENSIONS = YES;
				CLANG_ANALYZER_NONNULL = YES;
				CLANG_ANALYZER_NUMBER_OBJECT_CONVERSION = YES_AGGRESSIVE;
				CLANG_CXX_LANGUAGE_STANDARD = "gnu++20";
				CLANG_ENABLE_MODULES = YES;
				CLANG_ENABLE_OBJC_ARC = YES;
				CLANG_ENABLE_OBJC_WEAK = YES;
				CLANG_WARN_BLOCK_CAPTURE_AUTORELEASING = YES;
				CLANG_WARN_BOOL_CONVERSION = YES;
				CLANG_WARN_COMMA = YES;
				CLANG_WARN_CONSTANT_CONVERSION = YES;
				CLANG_WARN_DEPRECATED_OBJC_IMPLEMENTATIONS = YES;
				CLANG_WARN_DIRECT_OBJC_ISA_USAGE = YES_ERROR;
				CLANG_WARN_DOCUMENTATION_COMMENTS = YES;
				CLANG_WARN_EMPTY_BODY = YES;
				CLANG_WARN_ENUM_CONVERSION = YES;
				CLANG_WARN_INFINITE_RECURSION = YES;
				CLANG_WARN_INT_CONVERSION = YES;
				CLANG_WARN_NON_LITERAL_NULL_CONVERSION = YES;
				CLANG_WARN_OBJC_IMPLICIT_RETAIN_SELF = YES;
				CLANG_WARN_OBJC_LITERAL_CONVERSION = YES;
				CLANG_WARN_OBJC_ROOT_CLASS = YES_ERROR;
				CLANG_WARN_QUOTED_INCLUDE_IN_FRAMEWORK_HEADER = YES;
				CLANG_WARN_RANGE_LOOP_ANALYSIS = YES;
				CLANG_WARN_STRICT_PROTOTYPES = YES;
				CLANG_WARN_SUSPICIOUS_MOVE = YES;
				CLANG_WARN_UNGUARDED_AVAILABILITY = YES_AGGRESSIVE;
				CLANG_WARN_UNREACHABLE_CODE = YES;
				CLANG_WARN__DUPLICATE_METHOD_MATCH = YES;
				COPY_PHASE_STRIP = NO;
				DEBUG_INFORMATION_FORMAT = dwarf;
				ENABLE_STRICT_OBJC_MSGSEND = YES;
				ENABLE_TESTABILITY = YES;
				ENABLE_USER_SCRIPT_SANDBOXING = YES;
				GCC_C_LANGUAGE_STANDARD = gnu17;
				GCC_DYNAMIC_NO_PIC = NO;
				GCC_NO_COMMON_BLOCKS = YES;
				GCC_OPTIMIZATION_LEVEL = 0;
				GCC_PREPROCESSOR_DEFINITIONS = (
					"DEBUG=1",
					"$(inherited)",
				);
				GCC_WARN_64_TO_32_BIT_CONVERSION = YES;
				GCC_WARN_ABOUT_RETURN_TYPE = YES_ERROR;
				GCC_WARN_UNDECLARED_SELECTOR = YES;
				GCC_WARN_UNINITIALIZED_AUTOS = YES_AGGRESSIVE;
				GCC_WARN_UNUSED_FUNCTION = YES;
				GCC_WARN_UNUSED_VARIABLE = YES;
				IPHONEOS_DEPLOYMENT_TARGET = 17.5;
				LOCALIZATION_PREFERS_STRING_CATALOGS = YES;
				MTL_ENABLE_DEBUG_INFO = INCLUDE_SOURCE;
				MTL_FAST_MATH = YES;
				ONLY_ACTIVE_ARCH = YES;
				SDKROOT = iphoneos;
				SWIFT_ACTIVE_COMPILATION_CONDITIONS = "DEBUG $(inherited)";
				SWIFT_OPTIMIZATION_LEVEL = "-Onone";
			};
			name = Debug;
		};
		F30AF6942C730C4C00973D31 /* Release */ = {
			isa = XCBuildConfiguration;
			buildSettings = {
				ALWAYS_SEARCH_USER_PATHS = NO;
				ASSETCATALOG_COMPILER_GENERATE_SWIFT_ASSET_SYMBOL_EXTENSIONS = YES;
				CLANG_ANALYZER_NONNULL = YES;
				CLANG_ANALYZER_NUMBER_OBJECT_CONVERSION = YES_AGGRESSIVE;
				CLANG_CXX_LANGUAGE_STANDARD = "gnu++20";
				CLANG_ENABLE_MODULES = YES;
				CLANG_ENABLE_OBJC_ARC = YES;
				CLANG_ENABLE_OBJC_WEAK = YES;
				CLANG_WARN_BLOCK_CAPTURE_AUTORELEASING = YES;
				CLANG_WARN_BOOL_CONVERSION = YES;
				CLANG_WARN_COMMA = YES;
				CLANG_WARN_CONSTANT_CONVERSION = YES;
				CLANG_WARN_DEPRECATED_OBJC_IMPLEMENTATIONS = YES;
				CLANG_WARN_DIRECT_OBJC_ISA_USAGE = YES_ERROR;
				CLANG_WARN_DOCUMENTATION_COMMENTS = YES;
				CLANG_WARN_EMPTY_BODY = YES;
				CLANG_WARN_ENUM_CONVERSION = YES;
				CLANG_WARN_INFINITE_RECURSION = YES;
				CLANG_WARN_INT_CONVERSION = YES;
				CLANG_WARN_NON_LITERAL_NULL_CONVERSION = YES;
				CLANG_WARN_OBJC_IMPLICIT_RETAIN_SELF = YES;
				CLANG_WARN_OBJC_LITERAL_CONVERSION = YES;
				CLANG_WARN_OBJC_ROOT_CLASS = YES_ERROR;
				CLANG_WARN_QUOTED_INCLUDE_IN_FRAMEWORK_HEADER = YES;
				CLANG_WARN_RANGE_LOOP_ANALYSIS = YES;
				CLANG_WARN_STRICT_PROTOTYPES = YES;
				CLANG_WARN_SUSPICIOUS_MOVE = YES;
				CLANG_WARN_UNGUARDED_AVAILABILITY = YES_AGGRESSIVE;
				CLANG_WARN_UNREACHABLE_CODE = YES;
				CLANG_WARN__DUPLICATE_METHOD_MATCH = YES;
				COPY_PHASE_STRIP = NO;
				DEBUG_INFORMATION_FORMAT = "dwarf-with-dsym";
				ENABLE_NS_ASSERTIONS = NO;
				ENABLE_STRICT_OBJC_MSGSEND = YES;
				ENABLE_USER_SCRIPT_SANDBOXING = YES;
				GCC_C_LANGUAGE_STANDARD = gnu17;
				GCC_NO_COMMON_BLOCKS = YES;
				GCC_WARN_64_TO_32_BIT_CONVERSION = YES;
				GCC_WARN_ABOUT_RETURN_TYPE = YES_ERROR;
				GCC_WARN_UNDECLARED_SELECTOR = YES;
				GCC_WARN_UNINITIALIZED_AUTOS = YES_AGGRESSIVE;
				GCC_WARN_UNUSED_FUNCTION = YES;
				GCC_WARN_UNUSED_VARIABLE = YES;
				IPHONEOS_DEPLOYMENT_TARGET = 17.5;
				LOCALIZATION_PREFERS_STRING_CATALOGS = YES;
				MTL_ENABLE_DEBUG_INFO = NO;
				MTL_FAST_MATH = YES;
				SDKROOT = iphoneos;
				SWIFT_COMPILATION_MODE = wholemodule;
				VALIDATE_PRODUCT = YES;
			};
			name = Release;
		};
		F30AF6962C730C4C00973D31 /* Debug */ = {
			isa = XCBuildConfiguration;
			buildSettings = {
				ASSETCATALOG_COMPILER_APPICON_NAME = AppIcon;
				ASSETCATALOG_COMPILER_GLOBAL_ACCENT_COLOR_NAME = AccentColor;
				CODE_SIGN_STYLE = Automatic;
				CURRENT_PROJECT_VERSION = 1;
				DEVELOPMENT_ASSET_PATHS = "\"Fruits/Preview Content\"";
				DEVELOPMENT_TEAM = MR8M57SP95;
				ENABLE_PREVIEWS = YES;
				GENERATE_INFOPLIST_FILE = YES;
				INFOPLIST_KEY_CFBundleDisplayName = Fruits;
				INFOPLIST_KEY_LSApplicationCategoryType = "public.app-category.food-and-drink";
				INFOPLIST_KEY_UIApplicationSceneManifest_Generation = YES;
				INFOPLIST_KEY_UIApplicationSupportsIndirectInputEvents = YES;
				INFOPLIST_KEY_UILaunchScreen_Generation = YES;
				INFOPLIST_KEY_UISupportedInterfaceOrientations = UIInterfaceOrientationPortrait;
				IPHONEOS_DEPLOYMENT_TARGET = 16.0;
				LD_RUNPATH_SEARCH_PATHS = (
					"$(inherited)",
					"@executable_path/Frameworks",
				);
				MARKETING_VERSION = 1.0;
				PRODUCT_BUNDLE_IDENTIFIER = com.fatihemre.Fruits;
				PRODUCT_NAME = "$(TARGET_NAME)";
				SWIFT_EMIT_LOC_STRINGS = YES;
				SWIFT_VERSION = 5.0;
				TARGETED_DEVICE_FAMILY = "1,2";
			};
			name = Debug;
		};
		F30AF6972C730C4C00973D31 /* Release */ = {
			isa = XCBuildConfiguration;
			buildSettings = {
				ASSETCATALOG_COMPILER_APPICON_NAME = AppIcon;
				ASSETCATALOG_COMPILER_GLOBAL_ACCENT_COLOR_NAME = AccentColor;
				CODE_SIGN_STYLE = Automatic;
				CURRENT_PROJECT_VERSION = 1;
				DEVELOPMENT_ASSET_PATHS = "\"Fruits/Preview Content\"";
				DEVELOPMENT_TEAM = MR8M57SP95;
				ENABLE_PREVIEWS = YES;
				GENERATE_INFOPLIST_FILE = YES;
				INFOPLIST_KEY_CFBundleDisplayName = Fruits;
				INFOPLIST_KEY_LSApplicationCategoryType = "public.app-category.food-and-drink";
				INFOPLIST_KEY_UIApplicationSceneManifest_Generation = YES;
				INFOPLIST_KEY_UIApplicationSupportsIndirectInputEvents = YES;
				INFOPLIST_KEY_UILaunchScreen_Generation = YES;
				INFOPLIST_KEY_UISupportedInterfaceOrientations = UIInterfaceOrientationPortrait;
				IPHONEOS_DEPLOYMENT_TARGET = 16.0;
				LD_RUNPATH_SEARCH_PATHS = (
					"$(inherited)",
					"@executable_path/Frameworks",
				);
				MARKETING_VERSION = 1.0;
				PRODUCT_BUNDLE_IDENTIFIER = com.fatihemre.Fruits;
				PRODUCT_NAME = "$(TARGET_NAME)";
				SWIFT_EMIT_LOC_STRINGS = YES;
				SWIFT_VERSION = 5.0;
				TARGETED_DEVICE_FAMILY = "1,2";
			};
			name = Release;
		};
/* End XCBuildConfiguration section */

/* Begin XCConfigurationList section */
		F30AF6822C730C4A00973D31 /* Build configuration list for PBXProject "Fruits" */ = {
			isa = XCConfigurationList;
			buildConfigurations = (
				F30AF6932C730C4C00973D31 /* Debug */,
				F30AF6942C730C4C00973D31 /* Release */,
			);
			defaultConfigurationIsVisible = 0;
			defaultConfigurationName = Release;
		};
		F30AF6952C730C4C00973D31 /* Build configuration list for PBXNativeTarget "Fruits" */ = {
			isa = XCConfigurationList;
			buildConfigurations = (
				F30AF6962C730C4C00973D31 /* Debug */,
				F30AF6972C730C4C00973D31 /* Release */,
			);
			defaultConfigurationIsVisible = 0;
			defaultConfigurationName = Release;
		};
/* End XCConfigurationList section */
	};
	rootObject = F30AF67F2C730C4A00973D31 /* Project object */;
}
